# This file is automatically @generated by Cargo.
# It is not intended for manual editing.
version = 4

[[package]]
name = "sync-cli"
version = "0.1.0"

[[package]]
name = "sync-format"
version = "0.1.0"

[[package]]
name = "sync-history"
version = "0.1.0"

[[package]]
name = "sync-source"
version = "0.1.0"

[[patch.unused]]
name = "ltk_hash"
version = "0.4.0"
source = "git+https://github.com/LeagueToolkit/league-toolkit?rev=521a875e7c281da1ef98fad93dd822ae8b68f430#521a875e7c281da1ef98fad93dd822ae8b68f430"

[[patch.unused]]
name = "ltk_io_ext"
version = "0.4.7"
source = "git+https://github.com/LeagueToolkit/league-toolkit?rev=521a875e7c281da1ef98fad93dd822ae8b68f430#521a875e7c281da1ef98fad93dd822ae8b68f430"

[[patch.unused]]
name = "ltk_meta"
version = "0.8.6"
source = "git+https://github.com/LeagueToolkit/league-toolkit?rev=521a875e7c281da1ef98fad93dd822ae8b68f430#521a875e7c281da1ef98fad93dd822ae8b68f430"

[[patch.unused]]
name = "ltk_primitives"
version = "0.3.6"
source = "git+https://github.com/LeagueToolkit/league-toolkit?rev=521a875e7c281da1ef98fad93dd822ae8b68f430#521a875e7c281da1ef98fad93dd822ae8b68f430"

[[patch.unused]]
name = "ltk_ritobin"
version = "0.9.0"
source = "git+https://github.com/LeagueToolkit/league-toolkit?rev=521a875e7c281da1ef98fad93dd822ae8b68f430#521a875e7c281da1ef98fad93dd822ae8b68f430"
